
Microsoft Visual Studio Solution File, Format Version 12.00
# Visual Studio 14
VisualStudioVersion = 14.0.25420.1
MinimumVisualStudioVersion = 10.0.40219.1
Project("{FAE04EC0-301F-11D3-BF4B-00C04F79EFBC}") = "1_ViewsExp", "ViewsExp\1_ViewsExp.csproj", "{41AB851A-5AB8-47DD-BDCD-5AAEAB8A1032}"
EndProject
Project("{FAE04EC0-301F-11D3-BF4B-00C04F79EFBC}") = "2_PartialView", "PartialView\2_PartialView.csproj", "{A77C7701-B9A1-4E3A-8FF2-C6CCF688C635}"
EndProject
Project("{FAE04EC0-301F-11D3-BF4B-00C04F79EFBC}") = "ModelYapisi", "ModelYapisi\ModelYapisi.csproj", "{A51ED250-5E50-4EC8-9963-23A33C4D534D}"
EndProject
Project("{FAE04EC0-301F-11D3-BF4B-00C04F79EFBC}") = "AutoGenerateControllers", "AutoGenerateControllers\AutoGenerateControllers.csproj", "{E753E4C5-E4DE-45C4-922B-73A38F4C54ED}"
EndProject
Project("{FAE04EC0-301F-11D3-BF4B-00C04F79EFBC}") = "ActionTürleri", "ActionTürleri\ActionTürleri.csproj", "{E45B0D87-2897-4EBD-BDB9-4C665870AAC7}"
EndProject
Project("{FAE04EC0-301F-11D3-BF4B-00C04F79EFBC}") = "ValidationDataAnnotaion", "ValidationDataAnnotaion\ValidationDataAnnotaion.csproj", "{43617C82-D749-49FA-B05B-639132ED24E6}"
EndProject
Project("{FAE04EC0-301F-11D3-BF4B-00C04F79EFBC}") = "Filters", "Filters\Filters.csproj", "{6203F76E-4FFD-482B-AADF-F8E53286C634}"
EndProject
Project("{FAE04EC0-301F-11D3-BF4B-00C04F79EFBC}") = "MyEvernote.Web", "MyEvernote.Web\MyEvernote.Web.csproj", "{6CC7E2DD-3E7F-4E98-826D-4FE008EC8015}"
EndProject
Project("{2150E333-8FDC-42A3-9474-1A3956D46DE8}") = "examples", "examples", "{12558FB9-589D-4D33-A91F-FE5A0264973C}"
EndProject
Project("{FAE04EC0-301F-11D3-BF4B-00C04F79EFBC}") = "MyEvernote.BusinessLayer_Core", "MyEvernote.BusinessLayer_Core\MyEvernote.BusinessLayer_Core.csproj", "{876CE5CF-E949-4D09-AA74-ABE000331C03}"
EndProject
Project("{FAE04EC0-301F-11D3-BF4B-00C04F79EFBC}") = "MyEvernote.DataAccessLayer_Infastructure", "MyEvernote.DataAccessLayer_Infastructure\MyEvernote.DataAccessLayer_Infastructure.csproj", "{AFACB9E5-14C8-4437-A960-99E1DE79DEA5}"
EndProject
Project("{FAE04EC0-301F-11D3-BF4B-00C04F79EFBC}") = "MyEvernote.Common", "MyEvernote.Common\MyEvernote.Common.csproj", "{1C8E10E4-FEB4-4D50-97FC-C93BE39D4ADB}"
EndProject
Global
	GlobalSection(SolutionConfigurationPlatforms) = preSolution
		Debug|Any CPU = Debug|Any CPU
		Release|Any CPU = Release|Any CPU
	EndGlobalSection
	GlobalSection(ProjectConfigurationPlatforms) = postSolution
		{41AB851A-5AB8-47DD-BDCD-5AAEAB8A1032}.Debug|Any CPU.ActiveCfg = Debug|Any CPU
		{41AB851A-5AB8-47DD-BDCD-5AAEAB8A1032}.Debug|Any CPU.Build.0 = Debug|Any CPU
		{41AB851A-5AB8-47DD-BDCD-5AAEAB8A1032}.Release|Any CPU.ActiveCfg = Release|Any CPU
		{41AB851A-5AB8-47DD-BDCD-5AAEAB8A1032}.Release|Any CPU.Build.0 = Release|Any CPU
		{A77C7701-B9A1-4E3A-8FF2-C6CCF688C635}.Debug|Any CPU.ActiveCfg = Debug|Any CPU
		{A77C7701-B9A1-4E3A-8FF2-C6CCF688C635}.Debug|Any CPU.Build.0 = Debug|Any CPU
		{A77C7701-B9A1-4E3A-8FF2-C6CCF688C635}.Release|Any CPU.ActiveCfg = Release|Any CPU
		{A77C7701-B9A1-4E3A-8FF2-C6CCF688C635}.Release|Any CPU.Build.0 = Release|Any CPU
		{A51ED250-5E50-4EC8-9963-23A33C4D534D}.Debug|Any CPU.ActiveCfg = Debug|Any CPU
		{A51ED250-5E50-4EC8-9963-23A33C4D534D}.Debug|Any CPU.Build.0 = Debug|Any CPU
		{A51ED250-5E50-4EC8-9963-23A33C4D534D}.Release|Any CPU.ActiveCfg = Release|Any CPU
		{A51ED250-5E50-4EC8-9963-23A33C4D534D}.Release|Any CPU.Build.0 = Release|Any CPU
		{E753E4C5-E4DE-45C4-922B-73A38F4C54ED}.Debug|Any CPU.ActiveCfg = Debug|Any CPU
		{E753E4C5-E4DE-45C4-922B-73A38F4C54ED}.Debug|Any CPU.Build.0 = Debug|Any CPU
		{E753E4C5-E4DE-45C4-922B-73A38F4C54ED}.Release|Any CPU.ActiveCfg = Release|Any CPU
		{E753E4C5-E4DE-45C4-922B-73A38F4C54ED}.Release|Any CPU.Build.0 = Release|Any CPU
		{E45B0D87-2897-4EBD-BDB9-4C665870AAC7}.Debug|Any CPU.ActiveCfg = Debug|Any CPU
		{E45B0D87-2897-4EBD-BDB9-4C665870AAC7}.Debug|Any CPU.Build.0 = Debug|Any CPU
		{E45B0D87-2897-4EBD-BDB9-4C665870AAC7}.Release|Any CPU.ActiveCfg = Release|Any CPU
		{E45B0D87-2897-4EBD-BDB9-4C665870AAC7}.Release|Any CPU.Build.0 = Release|Any CPU
		{43617C82-D749-49FA-B05B-639132ED24E6}.Debug|Any CPU.ActiveCfg = Debug|Any CPU
		{43617C82-D749-49FA-B05B-639132ED24E6}.Debug|Any CPU.Build.0 = Debug|Any CPU
		{43617C82-D749-49FA-B05B-639132ED24E6}.Release|Any CPU.ActiveCfg = Release|Any CPU
		{43617C82-D749-49FA-B05B-639132ED24E6}.Release|Any CPU.Build.0 = Release|Any CPU
		{6203F76E-4FFD-482B-AADF-F8E53286C634}.Debug|Any CPU.ActiveCfg = Debug|Any CPU
		{6203F76E-4FFD-482B-AADF-F8E53286C634}.Debug|Any CPU.Build.0 = Debug|Any CPU
		{6203F76E-4FFD-482B-AADF-F8E53286C634}.Release|Any CPU.ActiveCfg = Release|Any CPU
		{6203F76E-4FFD-482B-AADF-F8E53286C634}.Release|Any CPU.Build.0 = Release|Any CPU
		{6CC7E2DD-3E7F-4E98-826D-4FE008EC8015}.Debug|Any CPU.ActiveCfg = Debug|Any CPU
		{6CC7E2DD-3E7F-4E98-826D-4FE008EC8015}.Debug|Any CPU.Build.0 = Debug|Any CPU
		{6CC7E2DD-3E7F-4E98-826D-4FE008EC8015}.Release|Any CPU.ActiveCfg = Release|Any CPU
		{6CC7E2DD-3E7F-4E98-826D-4FE008EC8015}.Release|Any CPU.Build.0 = Release|Any CPU
		{876CE5CF-E949-4D09-AA74-ABE000331C03}.Debug|Any CPU.ActiveCfg = Debug|Any CPU
		{876CE5CF-E949-4D09-AA74-ABE000331C03}.Debug|Any CPU.Build.0 = Debug|Any CPU
		{876CE5CF-E949-4D09-AA74-ABE000331C03}.Release|Any CPU.ActiveCfg = Release|Any CPU
		{876CE5CF-E949-4D09-AA74-ABE000331C03}.Release|Any CPU.Build.0 = Release|Any CPU
		{AFACB9E5-14C8-4437-A960-99E1DE79DEA5}.Debug|Any CPU.ActiveCfg = Debug|Any CPU
		{AFACB9E5-14C8-4437-A960-99E1DE79DEA5}.Debug|Any CPU.Build.0 = Debug|Any CPU
		{AFACB9E5-14C8-4437-A960-99E1DE79DEA5}.Release|Any CPU.ActiveCfg = Release|Any CPU
		{AFACB9E5-14C8-4437-A960-99E1DE79DEA5}.Release|Any CPU.Build.0 = Release|Any CPU
		{1C8E10E4-FEB4-4D50-97FC-C93BE39D4ADB}.Debug|Any CPU.ActiveCfg = Debug|Any CPU
		{1C8E10E4-FEB4-4D50-97FC-C93BE39D4ADB}.Debug|Any CPU.Build.0 = Debug|Any CPU
		{1C8E10E4-FEB4-4D50-97FC-C93BE39D4ADB}.Release|Any CPU.ActiveCfg = Release|Any CPU
		{1C8E10E4-FEB4-4D50-97FC-C93BE39D4ADB}.Release|Any CPU.Build.0 = Release|Any CPU
	EndGlobalSection
	GlobalSection(SolutionProperties) = preSolution
		HideSolutionNode = FALSE
	EndGlobalSection
	GlobalSection(NestedProjects) = preSolution
		{41AB851A-5AB8-47DD-BDCD-5AAEAB8A1032} = {12558FB9-589D-4D33-A91F-FE5A0264973C}
		{A77C7701-B9A1-4E3A-8FF2-C6CCF688C635} = {12558FB9-589D-4D33-A91F-FE5A0264973C}
		{A51ED250-5E50-4EC8-9963-23A33C4D534D} = {12558FB9-589D-4D33-A91F-FE5A0264973C}
		{E753E4C5-E4DE-45C4-922B-73A38F4C54ED} = {12558FB9-589D-4D33-A91F-FE5A0264973C}
		{E45B0D87-2897-4EBD-BDB9-4C665870AAC7} = {12558FB9-589D-4D33-A91F-FE5A0264973C}
		{43617C82-D749-49FA-B05B-639132ED24E6} = {12558FB9-589D-4D33-A91F-FE5A0264973C}
		{6203F76E-4FFD-482B-AADF-F8E53286C634} = {12558FB9-589D-4D33-A91F-FE5A0264973C}
	EndGlobalSection
EndGlobal
